
Microsoft Visual Studio Solution File, Format Version 12.00
# Visual Studio Version 17
VisualStudioVersion = 17.6.33815.320
MinimumVisualStudioVersion = 10.0.40219.1
Project("{FAE04EC0-301F-11D3-BF4B-00C04F79EFBC}") = "CalendarApp", "CalendarApp\CalendarApp.csproj", "{05752076-9FFE-4C35-AAA5-C2AFECA2DEA3}"
EndProject
Global
	GlobalSection(SolutionConfigurationPlatforms) = preSolution
		Debug|Any CPU = Debug|Any CPU
		Release|Any CPU = Release|Any CPU
	EndGlobalSection
	GlobalSection(ProjectConfigurationPlatforms) = postSolution
		{05752076-9FFE-4C35-AAA5-C2AFECA2DEA3}.Debug|Any CPU.ActiveCfg = Debug|Any CPU
		{05752076-9FFE-4C35-AAA5-C2AFECA2DEA3}.Debug|Any CPU.Build.0 = Debug|Any CPU
		{05752076-9FFE-4C35-AAA5-C2AFECA2DEA3}.Release|Any CPU.ActiveCfg = Release|Any CPU
		{05752076-9FFE-4C35-AAA5-C2AFECA2DEA3}.Release|Any CPU.Build.0 = Release|Any CPU
	EndGlobalSection
	GlobalSection(SolutionProperties) = preSolution
		HideSolutionNode = FALSE
	EndGlobalSection
	GlobalSection(ExtensibilityGlobals) = postSolution
		SolutionGuid = {7CFF6FE4-E15A-496E-8296-FE69CFB1E95F}
	EndGlobalSection
EndGlobal
